// !$*UTF8*$!
{
	archiveVersion = 1;
	classes = {
	};
	objectVersion = 55;
	objects = {

/* Begin PBXBuildFile section */
		894C1D132952A56E0057DC3C /* FirstSection.swift in Sources */ = {isa = PBXBuildFile; fileRef = 894C1D122952A56E0057DC3C /* FirstSection.swift */; };
		894CB84D296C057900B45A00 /* CoreDataDB.swift in Sources */ = {isa = PBXBuildFile; fileRef = 894CB84C296C057900B45A00 /* CoreDataDB.swift */; };
		894D0E8D29654EF000223E06 /* Post.swift in Sources */ = {isa = PBXBuildFile; fileRef = 894D0E8C29654EF000223E06 /* Post.swift */; };
		8967B5DD296BAFFD005ACB37 /* UserProfileTableViewCell.swift in Sources */ = {isa = PBXBuildFile; fileRef = 8967B5DC296BAFFD005ACB37 /* UserProfileTableViewCell.swift */; };
		897689FA2951A1DE0055D066 /* AppDelegate.swift in Sources */ = {isa = PBXBuildFile; fileRef = 897689F92951A1DE0055D066 /* AppDelegate.swift */; };
		897689FC2951A1DE0055D066 /* SceneDelegate.swift in Sources */ = {isa = PBXBuildFile; fileRef = 897689FB2951A1DE0055D066 /* SceneDelegate.swift */; };
		897689FE2951A1DE0055D066 /* ViewController.swift in Sources */ = {isa = PBXBuildFile; fileRef = 897689FD2951A1DE0055D066 /* ViewController.swift */; };
		89768A012951A1DE0055D066 /* Main.storyboard in Resources */ = {isa = PBXBuildFile; fileRef = 897689FF2951A1DE0055D066 /* Main.storyboard */; };
		89768A032951A1DF0055D066 /* Assets.xcassets in Resources */ = {isa = PBXBuildFile; fileRef = 89768A022951A1DF0055D066 /* Assets.xcassets */; };
		89768A062951A1DF0055D066 /* LaunchScreen.storyboard in Resources */ = {isa = PBXBuildFile; fileRef = 89768A042951A1DF0055D066 /* LaunchScreen.storyboard */; };
		897B4D4E296D10CB008C3AEA /* EditViewController.swift in Sources */ = {isa = PBXBuildFile; fileRef = 897B4D4D296D10CB008C3AEA /* EditViewController.swift */; };
		899D5230296D59F9001FB775 /* SignUpViewController.swift in Sources */ = {isa = PBXBuildFile; fileRef = 899D522F296D59F9001FB775 /* SignUpViewController.swift */; };
		899D5232296D5FED001FB775 /* UserDBHelper.swift in Sources */ = {isa = PBXBuildFile; fileRef = 899D5231296D5FED001FB775 /* UserDBHelper.swift */; };
		899D5237296D70B1001FB775 /* User+CoreDataClass.swift in Sources */ = {isa = PBXBuildFile; fileRef = 899D5233296D70B1001FB775 /* User+CoreDataClass.swift */; };
		899D5238296D70B1001FB775 /* User+CoreDataProperties.swift in Sources */ = {isa = PBXBuildFile; fileRef = 899D5234296D70B1001FB775 /* User+CoreDataProperties.swift */; };
		899D5239296D70B1001FB775 /* Userpost+CoreDataClass.swift in Sources */ = {isa = PBXBuildFile; fileRef = 899D5235296D70B1001FB775 /* Userpost+CoreDataClass.swift */; };
		899D523A296D70B1001FB775 /* Userpost+CoreDataProperties.swift in Sources */ = {isa = PBXBuildFile; fileRef = 899D5236296D70B1001FB775 /* Userpost+CoreDataProperties.swift */; };
		89B061F7296E4F61007477C0 /* KeyChainHelperDB.swift in Sources */ = {isa = PBXBuildFile; fileRef = 89B061F6296E4F61007477C0 /* KeyChainHelperDB.swift */; };
		89B061F9296E5086007477C0 /* SavedPass.swift in Sources */ = {isa = PBXBuildFile; fileRef = 89B061F8296E5086007477C0 /* SavedPass.swift */; };
		89BC2C7A2969398C002E65F3 /* ProfileViewController.swift in Sources */ = {isa = PBXBuildFile; fileRef = 89BC2C792969398C002E65F3 /* ProfileViewController.swift */; };
		89C2D4262968350800F9E400 /* LogInViewController.swift in Sources */ = {isa = PBXBuildFile; fileRef = 89C2D4252968350800F9E400 /* LogInViewController.swift */; };
		89C2D42929683C3F00F9E400 /* CoreData.xcdatamodeld in Sources */ = {isa = PBXBuildFile; fileRef = 89C2D42729683C3F00F9E400 /* CoreData.xcdatamodeld */; };
		89C2D42B29684EF900F9E400 /* Constants.swift in Sources */ = {isa = PBXBuildFile; fileRef = 89C2D42A29684EF900F9E400 /* Constants.swift */; };
		89C2D42D2968518200F9E400 /* User.swift in Sources */ = {isa = PBXBuildFile; fileRef = 89C2D42C2968518200F9E400 /* User.swift */; };
/* End PBXBuildFile section */

/* Begin PBXFileReference section */
		894C1D122952A56E0057DC3C /* FirstSection.swift */ = {isa = PBXFileReference; lastKnownFileType = sourcecode.swift; path = FirstSection.swift; sourceTree = "<group>"; };
		894CB84C296C057900B45A00 /* CoreDataDB.swift */ = {isa = PBXFileReference; lastKnownFileType = sourcecode.swift; path = CoreDataDB.swift; sourceTree = "<group>"; };
		894D0E8C29654EF000223E06 /* Post.swift */ = {isa = PBXFileReference; lastKnownFileType = sourcecode.swift; path = Post.swift; sourceTree = "<group>"; };
		8967B5DC296BAFFD005ACB37 /* UserProfileTableViewCell.swift */ = {isa = PBXFileReference; lastKnownFileType = sourcecode.swift; path = UserProfileTableViewCell.swift; sourceTree = "<group>"; };
		897689F62951A1DE0055D066 /* MdFahimFaezAbir-30028.app */ = {isa = PBXFileReference; explicitFileType = wrapper.application; includeInIndex = 0; path = "MdFahimFaezAbir-30028.app"; sourceTree = BUILT_PRODUCTS_DIR; };
		897689F92951A1DE0055D066 /* AppDelegate.swift */ = {isa = PBXFileReference; lastKnownFileType = sourcecode.swift; path = AppDelegate.swift; sourceTree = "<group>"; };
		897689FB2951A1DE0055D066 /* SceneDelegate.swift */ = {isa = PBXFileReference; lastKnownFileType = sourcecode.swift; path = SceneDelegate.swift; sourceTree = "<group>"; };
		897689FD2951A1DE0055D066 /* ViewController.swift */ = {isa = PBXFileReference; lastKnownFileType = sourcecode.swift; path = ViewController.swift; sourceTree = "<group>"; };
		89768A002951A1DE0055D066 /* Base */ = {isa = PBXFileReference; lastKnownFileType = file.storyboard; name = Base; path = Base.lproj/Main.storyboard; sourceTree = "<group>"; };
		89768A022951A1DF0055D066 /* Assets.xcassets */ = {isa = PBXFileReference; lastKnownFileType = folder.assetcatalog; path = Assets.xcassets; sourceTree = "<group>"; };
		89768A052951A1DF0055D066 /* Base */ = {isa = PBXFileReference; lastKnownFileType = file.storyboard; name = Base; path = Base.lproj/LaunchScreen.storyboard; sourceTree = "<group>"; };
		89768A072951A1DF0055D066 /* Info.plist */ = {isa = PBXFileReference; lastKnownFileType = text.plist.xml; path = Info.plist; sourceTree = "<group>"; };
		897B4D4D296D10CB008C3AEA /* EditViewController.swift */ = {isa = PBXFileReference; lastKnownFileType = sourcecode.swift; path = EditViewController.swift; sourceTree = "<group>"; };
		899D522F296D59F9001FB775 /* SignUpViewController.swift */ = {isa = PBXFileReference; lastKnownFileType = sourcecode.swift; path = SignUpViewController.swift; sourceTree = "<group>"; };
		899D5231296D5FED001FB775 /* UserDBHelper.swift */ = {isa = PBXFileReference; lastKnownFileType = sourcecode.swift; path = UserDBHelper.swift; sourceTree = "<group>"; };
		899D5233296D70B1001FB775 /* User+CoreDataClass.swift */ = {isa = PBXFileReference; lastKnownFileType = sourcecode.swift; path = "User+CoreDataClass.swift"; sourceTree = "<group>"; };
		899D5234296D70B1001FB775 /* User+CoreDataProperties.swift */ = {isa = PBXFileReference; lastKnownFileType = sourcecode.swift; path = "User+CoreDataProperties.swift"; sourceTree = "<group>"; };
		899D5235296D70B1001FB775 /* Userpost+CoreDataClass.swift */ = {isa = PBXFileReference; lastKnownFileType = sourcecode.swift; path = "Userpost+CoreDataClass.swift"; sourceTree = "<group>"; };
		899D5236296D70B1001FB775 /* Userpost+CoreDataProperties.swift */ = {isa = PBXFileReference; lastKnownFileType = sourcecode.swift; path = "Userpost+CoreDataProperties.swift"; sourceTree = "<group>"; };
		89B061F6296E4F61007477C0 /* KeyChainHelperDB.swift */ = {isa = PBXFileReference; lastKnownFileType = sourcecode.swift; path = KeyChainHelperDB.swift; sourceTree = "<group>"; };
		89B061F8296E5086007477C0 /* SavedPass.swift */ = {isa = PBXFileReference; lastKnownFileType = sourcecode.swift; path = SavedPass.swift; sourceTree = "<group>"; };
		89BC2C792969398C002E65F3 /* ProfileViewController.swift */ = {isa = PBXFileReference; lastKnownFileType = sourcecode.swift; path = ProfileViewController.swift; sourceTree = "<group>"; };
		89C2D4252968350800F9E400 /* LogInViewController.swift */ = {isa = PBXFileReference; lastKnownFileType = sourcecode.swift; path = LogInViewController.swift; sourceTree = "<group>"; };
		89C2D42829683C3F00F9E400 /* CoreData.xcdatamodel */ = {isa = PBXFileReference; lastKnownFileType = wrapper.xcdatamodel; path = CoreData.xcdatamodel; sourceTree = "<group>"; };
		89C2D42A29684EF900F9E400 /* Constants.swift */ = {isa = PBXFileReference; lastKnownFileType = sourcecode.swift; path = Constants.swift; sourceTree = "<group>"; };
		89C2D42C2968518200F9E400 /* User.swift */ = {isa = PBXFileReference; lastKnownFileType = sourcecode.swift; path = User.swift; sourceTree = "<group>"; };
/* End PBXFileReference section */

/* Begin PBXFrameworksBuildPhase section */
		897689F32951A1DE0055D066 /* Frameworks */ = {
			isa = PBXFrameworksBuildPhase;
			buildActionMask = 2147483647;
			files = (
			);
			runOnlyForDeploymentPostprocessing = 0;
		};
/* End PBXFrameworksBuildPhase section */

/* Begin PBXGroup section */
		8967B5E3296BB76F005ACB37 /* CoreData */ = {
			isa = PBXGroup;
			children = (
				899D5233296D70B1001FB775 /* User+CoreDataClass.swift */,
				899D5236296D70B1001FB775 /* Userpost+CoreDataProperties.swift */,
				899D5234296D70B1001FB775 /* User+CoreDataProperties.swift */,
				899D5235296D70B1001FB775 /* Userpost+CoreDataClass.swift */,
			);
			path = CoreData;
			sourceTree = "<group>";
		};
		897689ED2951A1DE0055D066 = {
			isa = PBXGroup;
			children = (
				897689F82951A1DE0055D066 /* MdFahimFaezAbir-30028 */,
				897689F72951A1DE0055D066 /* Products */,
			);
			sourceTree = "<group>";
		};
		897689F72951A1DE0055D066 /* Products */ = {
			isa = PBXGroup;
			children = (
				897689F62951A1DE0055D066 /* MdFahimFaezAbir-30028.app */,
			);
			name = Products;
			sourceTree = "<group>";
		};
		897689F82951A1DE0055D066 /* MdFahimFaezAbir-30028 */ = {
			isa = PBXGroup;
			children = (
				8967B5E3296BB76F005ACB37 /* CoreData */,
				89C2D4252968350800F9E400 /* LogInViewController.swift */,
				89B061F6296E4F61007477C0 /* KeyChainHelperDB.swift */,
				89BC2C792969398C002E65F3 /* ProfileViewController.swift */,
				89C2D42C2968518200F9E400 /* User.swift */,
				89B061F8296E5086007477C0 /* SavedPass.swift */,
				897B4D4D296D10CB008C3AEA /* EditViewController.swift */,
				89C2D42A29684EF900F9E400 /* Constants.swift */,
				897689F92951A1DE0055D066 /* AppDelegate.swift */,
				8967B5DC296BAFFD005ACB37 /* UserProfileTableViewCell.swift */,
				897689FB2951A1DE0055D066 /* SceneDelegate.swift */,
				897689FD2951A1DE0055D066 /* ViewController.swift */,
				894CB84C296C057900B45A00 /* CoreDataDB.swift */,
				894D0E8C29654EF000223E06 /* Post.swift */,
				897689FF2951A1DE0055D066 /* Main.storyboard */,
				899D522F296D59F9001FB775 /* SignUpViewController.swift */,
				899D5231296D5FED001FB775 /* UserDBHelper.swift */,
				894C1D122952A56E0057DC3C /* FirstSection.swift */,
				89768A022951A1DF0055D066 /* Assets.xcassets */,
				89768A042951A1DF0055D066 /* LaunchScreen.storyboard */,
				89768A072951A1DF0055D066 /* Info.plist */,
				89C2D42729683C3F00F9E400 /* CoreData.xcdatamodeld */,
			);
			path = "MdFahimFaezAbir-30028";
			sourceTree = "<group>";
		};
/* End PBXGroup section */

/* Begin PBXNativeTarget section */
		897689F52951A1DE0055D066 /* MdFahimFaezAbir-30028 */ = {
			isa = PBXNativeTarget;
			buildConfigurationList = 89768A0A2951A1DF0055D066 /* Build configuration list for PBXNativeTarget "MdFahimFaezAbir-30028" */;
			buildPhases = (
				897689F22951A1DE0055D066 /* Sources */,
				897689F32951A1DE0055D066 /* Frameworks */,
				897689F42951A1DE0055D066 /* Resources */,
			);
			buildRules = (
			);
			dependencies = (
			);
			name = "MdFahimFaezAbir-30028";
			productName = "MdFahimFaezAbir-30028";
			productReference = 897689F62951A1DE0055D066 /* MdFahimFaezAbir-30028.app */;
			productType = "com.apple.product-type.application";
		};
/* End PBXNativeTarget section */

/* Begin PBXProject section */
		897689EE2951A1DE0055D066 /* Project object */ = {
			isa = PBXProject;
			attributes = {
				BuildIndependentTargetsInParallel = 1;
				LastSwiftUpdateCheck = 1340;
				LastUpgradeCheck = 1340;
				TargetAttributes = {
					897689F52951A1DE0055D066 = {
						CreatedOnToolsVersion = 13.4;
					};
				};
			};
			buildConfigurationList = 897689F12951A1DE0055D066 /* Build configuration list for PBXProject "MdFahimFaezAbir-30028" */;
			compatibilityVersion = "Xcode 13.0";
			developmentRegion = en;
			hasScannedForEncodings = 0;
			knownRegions = (
				en,
				Base,
			);
			mainGroup = 897689ED2951A1DE0055D066;
			productRefGroup = 897689F72951A1DE0055D066 /* Products */;
			projectDirPath = "";
			projectRoot = "";
			targets = (
				897689F52951A1DE0055D066 /* MdFahimFaezAbir-30028 */,
			);
		};
/* End PBXProject section */

/* Begin PBXResourcesBuildPhase section */
		897689F42951A1DE0055D066 /* Resources */ = {
			isa = PBXResourcesBuildPhase;
			buildActionMask = 2147483647;
			files = (
				89768A062951A1DF0055D066 /* LaunchScreen.storyboard in Resources */,
				89768A032951A1DF0055D066 /* Assets.xcassets in Resources */,
				89768A012951A1DE0055D066 /* Main.storyboard in Resources */,
			);
			runOnlyForDeploymentPostprocessing = 0;
		};
/* End PBXResourcesBuildPhase section */

/* Begin PBXSourcesBuildPhase section */
		897689F22951A1DE0055D066 /* Sources */ = {
			isa = PBXSourcesBuildPhase;
			buildActionMask = 2147483647;
			files = (
				897689FE2951A1DE0055D066 /* ViewController.swift in Sources */,
				894CB84D296C057900B45A00 /* CoreDataDB.swift in Sources */,
				897689FA2951A1DE0055D066 /* AppDelegate.swift in Sources */,
				89BC2C7A2969398C002E65F3 /* ProfileViewController.swift in Sources */,
				897B4D4E296D10CB008C3AEA /* EditViewController.swift in Sources */,
				899D5232296D5FED001FB775 /* UserDBHelper.swift in Sources */,
				899D5239296D70B1001FB775 /* Userpost+CoreDataClass.swift in Sources */,
				899D5237296D70B1001FB775 /* User+CoreDataClass.swift in Sources */,
				899D523A296D70B1001FB775 /* Userpost+CoreDataProperties.swift in Sources */,
				899D5230296D59F9001FB775 /* SignUpViewController.swift in Sources */,
				89C2D4262968350800F9E400 /* LogInViewController.swift in Sources */,
				89B061F7296E4F61007477C0 /* KeyChainHelperDB.swift in Sources */,
				894C1D132952A56E0057DC3C /* FirstSection.swift in Sources */,
				897689FC2951A1DE0055D066 /* SceneDelegate.swift in Sources */,
				89C2D42D2968518200F9E400 /* User.swift in Sources */,
				894D0E8D29654EF000223E06 /* Post.swift in Sources */,
				899D5238296D70B1001FB775 /* User+CoreDataProperties.swift in Sources */,
				8967B5DD296BAFFD005ACB37 /* UserProfileTableViewCell.swift in Sources */,
				89C2D42929683C3F00F9E400 /* CoreData.xcdatamodeld in Sources */,
				89C2D42B29684EF900F9E400 /* Constants.swift in Sources */,
				89B061F9296E5086007477C0 /* SavedPass.swift in Sources */,
			);
			runOnlyForDeploymentPostprocessing = 0;
		};
/* End PBXSourcesBuildPhase section */

/* Begin PBXVariantGroup section */
		897689FF2951A1DE0055D066 /* Main.storyboard */ = {
			isa = PBXVariantGroup;
			children = (
				89768A002951A1DE0055D066 /* Base */,
			);
			name = Main.storyboard;
			sourceTree = "<group>";
		};
		89768A042951A1DF0055D066 /* LaunchScreen.storyboard */ = {
			isa = PBXVariantGroup;
			children = (
				89768A052951A1DF0055D066 /* Base */,
			);
			name = LaunchScreen.storyboard;
			sourceTree = "<group>";
		};
/* End PBXVariantGroup section */

/* Begin XCBuildConfiguration section */
		89768A082951A1DF0055D066 /* Debug */ = {
			isa = XCBuildConfiguration;
			buildSettings = {
				ALWAYS_SEARCH_USER_PATHS = NO;
				CLANG_ANALYZER_NONNULL = YES;
				CLANG_ANALYZER_NUMBER_OBJECT_CONVERSION = YES_AGGRESSIVE;
				CLANG_CXX_LANGUAGE_STANDARD = "gnu++17";
				CLANG_ENABLE_MODULES = YES;
				CLANG_ENABLE_OBJC_ARC = YES;
				CLANG_ENABLE_OBJC_WEAK = YES;
				CLANG_WARN_BLOCK_CAPTURE_AUTORELEASING = YES;
				CLANG_WARN_BOOL_CONVERSION = YES;
				CLANG_WARN_COMMA = YES;
				CLANG_WARN_CONSTANT_CONVERSION = YES;
				CLANG_WARN_DEPRECATED_OBJC_IMPLEMENTATIONS = YES;
				CLANG_WARN_DIRECT_OBJC_ISA_USAGE = YES_ERROR;
				CLANG_WARN_DOCUMENTATION_COMMENTS = YES;
				CLANG_WARN_EMPTY_BODY = YES;
				CLANG_WARN_ENUM_CONVERSION = YES;
				CLANG_WARN_INFINITE_RECURSION = YES;
				CLANG_WARN_INT_CONVERSION = YES;
				CLANG_WARN_NON_LITERAL_NULL_CONVERSION = YES;
				CLANG_WARN_OBJC_IMPLICIT_RETAIN_SELF = YES;
				CLANG_WARN_OBJC_LITERAL_CONVERSION = YES;
				CLANG_WARN_OBJC_ROOT_CLASS = YES_ERROR;
				CLANG_WARN_QUOTED_INCLUDE_IN_FRAMEWORK_HEADER = YES;
				CLANG_WARN_RANGE_LOOP_ANALYSIS = YES;
				CLANG_WARN_STRICT_PROTOTYPES = YES;
				CLANG_WARN_SUSPICIOUS_MOVE = YES;
				CLANG_WARN_UNGUARDED_AVAILABILITY = YES_AGGRESSIVE;
				CLANG_WARN_UNREACHABLE_CODE = YES;
				CLANG_WARN__DUPLICATE_METHOD_MATCH = YES;
				COPY_PHASE_STRIP = NO;
				DEBUG_INFORMATION_FORMAT = dwarf;
				ENABLE_STRICT_OBJC_MSGSEND = YES;
				ENABLE_TESTABILITY = YES;
				GCC_C_LANGUAGE_STANDARD = gnu11;
				GCC_DYNAMIC_NO_PIC = NO;
				GCC_NO_COMMON_BLOCKS = YES;
				GCC_OPTIMIZATION_LEVEL = 0;
				GCC_PREPROCESSOR_DEFINITIONS = (
					"DEBUG=1",
					"$(inherited)",
				);
				GCC_WARN_64_TO_32_BIT_CONVERSION = YES;
				GCC_WARN_ABOUT_RETURN_TYPE = YES_ERROR;
				GCC_WARN_UNDECLARED_SELECTOR = YES;
				GCC_WARN_UNINITIALIZED_AUTOS = YES_AGGRESSIVE;
				GCC_WARN_UNUSED_FUNCTION = YES;
				GCC_WARN_UNUSED_VARIABLE = YES;
				IPHONEOS_DEPLOYMENT_TARGET = 15.5;
				MTL_ENABLE_DEBUG_INFO = INCLUDE_SOURCE;
				MTL_FAST_MATH = YES;
				ONLY_ACTIVE_ARCH = YES;
				SDKROOT = iphoneos;
				SWIFT_ACTIVE_COMPILATION_CONDITIONS = DEBUG;
				SWIFT_OPTIMIZATION_LEVEL = "-Onone";
			};
			name = Debug;
		};
		89768A092951A1DF0055D066 /* Release */ = {
			isa = XCBuildConfiguration;
			buildSettings = {
				ALWAYS_SEARCH_USER_PATHS = NO;
				CLANG_ANALYZER_NONNULL = YES;
				CLANG_ANALYZER_NUMBER_OBJECT_CONVERSION = YES_AGGRESSIVE;
				CLANG_CXX_LANGUAGE_STANDARD = "gnu++17";
				CLANG_ENABLE_MODULES = YES;
				CLANG_ENABLE_OBJC_ARC = YES;
				CLANG_ENABLE_OBJC_WEAK = YES;
				CLANG_WARN_BLOCK_CAPTURE_AUTORELEASING = YES;
				CLANG_WARN_BOOL_CONVERSION = YES;
				CLANG_WARN_COMMA = YES;
				CLANG_WARN_CONSTANT_CONVERSION = YES;
				CLANG_WARN_DEPRECATED_OBJC_IMPLEMENTATIONS = YES;
				CLANG_WARN_DIRECT_OBJC_ISA_USAGE = YES_ERROR;
				CLANG_WARN_DOCUMENTATION_COMMENTS = YES;
				CLANG_WARN_EMPTY_BODY = YES;
				CLANG_WARN_ENUM_CONVERSION = YES;
				CLANG_WARN_INFINITE_RECURSION = YES;
				CLANG_WARN_INT_CONVERSION = YES;
				CLANG_WARN_NON_LITERAL_NULL_CONVERSION = YES;
				CLANG_WARN_OBJC_IMPLICIT_RETAIN_SELF = YES;
				CLANG_WARN_OBJC_LITERAL_CONVERSION = YES;
				CLANG_WARN_OBJC_ROOT_CLASS = YES_ERROR;
				CLANG_WARN_QUOTED_INCLUDE_IN_FRAMEWORK_HEADER = YES;
				CLANG_WARN_RANGE_LOOP_ANALYSIS = YES;
				CLANG_WARN_STRICT_PROTOTYPES = YES;
				CLANG_WARN_SUSPICIOUS_MOVE = YES;
				CLANG_WARN_UNGUARDED_AVAILABILITY = YES_AGGRESSIVE;
				CLANG_WARN_UNREACHABLE_CODE = YES;
				CLANG_WARN__DUPLICATE_METHOD_MATCH = YES;
				COPY_PHASE_STRIP = NO;
				DEBUG_INFORMATION_FORMAT = "dwarf-with-dsym";
				ENABLE_NS_ASSERTIONS = NO;
				ENABLE_STRICT_OBJC_MSGSEND = YES;
				GCC_C_LANGUAGE_STANDARD = gnu11;
				GCC_NO_COMMON_BLOCKS = YES;
				GCC_WARN_64_TO_32_BIT_CONVERSION = YES;
				GCC_WARN_ABOUT_RETURN_TYPE = YES_ERROR;
				GCC_WARN_UNDECLARED_SELECTOR = YES;
				GCC_WARN_UNINITIALIZED_AUTOS = YES_AGGRESSIVE;
				GCC_WARN_UNUSED_FUNCTION = YES;
				GCC_WARN_UNUSED_VARIABLE = YES;
				IPHONEOS_DEPLOYMENT_TARGET = 15.5;
				MTL_ENABLE_DEBUG_INFO = NO;
				MTL_FAST_MATH = YES;
				SDKROOT = iphoneos;
				SWIFT_COMPILATION_MODE = wholemodule;
				SWIFT_OPTIMIZATION_LEVEL = "-O";
				VALIDATE_PRODUCT = YES;
			};
			name = Release;
		};
		89768A0B2951A1DF0055D066 /* Debug */ = {
			isa = XCBuildConfiguration;
			buildSettings = {
				ASSETCATALOG_COMPILER_APPICON_NAME = AppIcon;
				ASSETCATALOG_COMPILER_GLOBAL_ACCENT_COLOR_NAME = AccentColor;
				CODE_SIGN_STYLE = Automatic;
				CURRENT_PROJECT_VERSION = 1;
				GENERATE_INFOPLIST_FILE = YES;
				INFOPLIST_FILE = "MdFahimFaezAbir-30028/Info.plist";
				INFOPLIST_KEY_UIApplicationSupportsIndirectInputEvents = YES;
				INFOPLIST_KEY_UILaunchStoryboardName = LaunchScreen;
				INFOPLIST_KEY_UIMainStoryboardFile = Main;
				INFOPLIST_KEY_UISupportedInterfaceOrientations_iPad = "UIInterfaceOrientationPortrait UIInterfaceOrientationPortraitUpsideDown UIInterfaceOrientationLandscapeLeft UIInterfaceOrientationLandscapeRight";
				INFOPLIST_KEY_UISupportedInterfaceOrientations_iPhone = "UIInterfaceOrientationPortrait UIInterfaceOrientationLandscapeLeft UIInterfaceOrientationLandscapeRight";
				LD_RUNPATH_SEARCH_PATHS = (
					"$(inherited)",
					"@executable_path/Frameworks",
				);
				MARKETING_VERSION = 1.0;
				PRODUCT_BUNDLE_IDENTIFIER = "com.new.demo.MdFahimFaezAbir-30028";
				PRODUCT_NAME = "$(TARGET_NAME)";
				SWIFT_EMIT_LOC_STRINGS = YES;
				SWIFT_VERSION = 5.0;
				TARGETED_DEVICE_FAMILY = "1,2";
			};
			name = Debug;
		};
		89768A0C2951A1DF0055D066 /* Release */ = {
			isa = XCBuildConfiguration;
			buildSettings = {
				ASSETCATALOG_COMPILER_APPICON_NAME = AppIcon;
				ASSETCATALOG_COMPILER_GLOBAL_ACCENT_COLOR_NAME = AccentColor;
				CODE_SIGN_STYLE = Automatic;
				CURRENT_PROJECT_VERSION = 1;
				GENERATE_INFOPLIST_FILE = YES;
				INFOPLIST_FILE = "MdFahimFaezAbir-30028/Info.plist";
				INFOPLIST_KEY_UIApplicationSupportsIndirectInputEvents = YES;
				INFOPLIST_KEY_UILaunchStoryboardName = LaunchScreen;
				INFOPLIST_KEY_UIMainStoryboardFile = Main;
				INFOPLIST_KEY_UISupportedInterfaceOrientations_iPad = "UIInterfaceOrientationPortrait UIInterfaceOrientationPortraitUpsideDown UIInterfaceOrientationLandscapeLeft UIInterfaceOrientationLandscapeRight";
				INFOPLIST_KEY_UISupportedInterfaceOrientations_iPhone = "UIInterfaceOrientationPortrait UIInterfaceOrientationLandscapeLeft UIInterfaceOrientationLandscapeRight";
				LD_RUNPATH_SEARCH_PATHS = (
					"$(inherited)",
					"@executable_path/Frameworks",
				);
				MARKETING_VERSION = 1.0;
				PRODUCT_BUNDLE_IDENTIFIER = "com.new.demo.MdFahimFaezAbir-30028";
				PRODUCT_NAME = "$(TARGET_NAME)";
				SWIFT_EMIT_LOC_STRINGS = YES;
				SWIFT_VERSION = 5.0;
				TARGETED_DEVICE_FAMILY = "1,2";
			};
			name = Release;
		};
/* End XCBuildConfiguration section */

/* Begin XCConfigurationList section */
		897689F12951A1DE0055D066 /* Build configuration list for PBXProject "MdFahimFaezAbir-30028" */ = {
			isa = XCConfigurationList;
			buildConfigurations = (
				89768A082951A1DF0055D066 /* Debug */,
				89768A092951A1DF0055D066 /* Release */,
			);
			defaultConfigurationIsVisible = 0;
			defaultConfigurationName = Release;
		};
		89768A0A2951A1DF0055D066 /* Build configuration list for PBXNativeTarget "MdFahimFaezAbir-30028" */ = {
			isa = XCConfigurationList;
			buildConfigurations = (
				89768A0B2951A1DF0055D066 /* Debug */,
				89768A0C2951A1DF0055D066 /* Release */,
			);
			defaultConfigurationIsVisible = 0;
			defaultConfigurationName = Release;
		};
/* End XCConfigurationList section */

/* Begin XCVersionGroup section */
		89C2D42729683C3F00F9E400 /* CoreData.xcdatamodeld */ = {
			isa = XCVersionGroup;
			children = (
				89C2D42829683C3F00F9E400 /* CoreData.xcdatamodel */,
			);
			currentVersion = 89C2D42829683C3F00F9E400 /* CoreData.xcdatamodel */;
			path = CoreData.xcdatamodeld;
			sourceTree = "<group>";
			versionGroupType = wrapper.xcdatamodel;
		};
/* End XCVersionGroup section */
	};
	rootObject = 897689EE2951A1DE0055D066 /* Project object */;
}
